// !$*UTF8*$!
{
	archiveVersion = 1;
	classes = {
	};
	objectVersion = 51;
	objects = {

/* Begin PBXBuildFile section */
		070A0407243B712E001FDCC7 /* ProfileDialog.swift in Sources */ = {isa = PBXBuildFile; fileRef = 070A0406243B712E001FDCC7 /* ProfileDialog.swift */; };
		072A2CB2242A880100C0BBF9 /* Base.swift in Sources */ = {isa = PBXBuildFile; fileRef = 072A2CB1242A880100C0BBF9 /* Base.swift */; };
		072A2CB4242A9E1E00C0BBF9 /* AddProfileView.swift in Sources */ = {isa = PBXBuildFile; fileRef = 072A2CB3242A9E1E00C0BBF9 /* AddProfileView.swift */; };
		0739E08F247E888D00446106 /* UserPreferences.swift in Sources */ = {isa = PBXBuildFile; fileRef = 0739E08E247E888D00446106 /* UserPreferences.swift */; };
		0739E091247E88EF00446106 /* Contribution.swift in Sources */ = {isa = PBXBuildFile; fileRef = 0739E090247E88EF00446106 /* Contribution.swift */; };
		0739E093247E890F00446106 /* Upload.swift in Sources */ = {isa = PBXBuildFile; fileRef = 0739E092247E890F00446106 /* Upload.swift */; };
		0739E095247E892B00446106 /* Profile.swift in Sources */ = {isa = PBXBuildFile; fileRef = 0739E094247E892B00446106 /* Profile.swift */; };
		0739E097247E894500446106 /* Base.swift in Sources */ = {isa = PBXBuildFile; fileRef = 0739E096247E894500446106 /* Base.swift */; };
		077A416A242906AF0027B495 /* Assets.xcassets in Resources */ = {isa = PBXBuildFile; fileRef = 077A4169242906AF0027B495 /* Assets.xcassets */; };
		077A416D242906AF0027B495 /* Preview Assets.xcassets in Resources */ = {isa = PBXBuildFile; fileRef = 077A416C242906AF0027B495 /* Preview Assets.xcassets */; };
		077A417B242906AF0027B495 /* AjarisUploaderTests.swift in Sources */ = {isa = PBXBuildFile; fileRef = 077A417A242906AF0027B495 /* AjarisUploaderTests.swift */; };
		077A4186242906AF0027B495 /* AjarisUploaderUITests.swift in Sources */ = {isa = PBXBuildFile; fileRef = 077A4185242906AF0027B495 /* AjarisUploaderUITests.swift */; };
		077A419C242914FD0027B495 /* AppDelegate.swift in Sources */ = {isa = PBXBuildFile; fileRef = 077A419B242914FD0027B495 /* AppDelegate.swift */; };
		077A41A0242915B40027B495 /* ContentView.swift in Sources */ = {isa = PBXBuildFile; fileRef = 077A419E242915B30027B495 /* ContentView.swift */; };
		077A41A624291FBD0027B495 /* SceneDelegate.swift in Sources */ = {isa = PBXBuildFile; fileRef = 077A41A524291FBD0027B495 /* SceneDelegate.swift */; };
		078AAB03242DEA8400E4CEA5 /* RequestAPI.swift in Sources */ = {isa = PBXBuildFile; fileRef = 078AAB02242DEA8400E4CEA5 /* RequestAPI.swift */; };
		078AAB07242DF58500E4CEA5 /* XMLProcessing.swift in Sources */ = {isa = PBXBuildFile; fileRef = 078AAB06242DF58500E4CEA5 /* XMLProcessing.swift */; };
		079DA6B4242A090000D9BA03 /* ProfileView.swift in Sources */ = {isa = PBXBuildFile; fileRef = 079DA6B3242A090000D9BA03 /* ProfileView.swift */; };
		079DA6B6242A095000D9BA03 /* HistoryView.swift in Sources */ = {isa = PBXBuildFile; fileRef = 079DA6B5242A095000D9BA03 /* HistoryView.swift */; };
		079DA6B8242A09E100D9BA03 /* AboutView.swift in Sources */ = {isa = PBXBuildFile; fileRef = 079DA6B7242A09E100D9BA03 /* AboutView.swift */; };
		079DA6C3242A0F7F00D9BA03 /* ProfileCards.swift in Sources */ = {isa = PBXBuildFile; fileRef = 079DA6C2242A0F7F00D9BA03 /* ProfileCards.swift */; };
		079DA6C6242A251500D9BA03 /* ProfilePreferences.swift in Sources */ = {isa = PBXBuildFile; fileRef = 079DA6C5242A251500D9BA03 /* ProfilePreferences.swift */; };
		079DA6C8242A262A00D9BA03 /* Profile.swift in Sources */ = {isa = PBXBuildFile; fileRef = 079DA6C7242A262A00D9BA03 /* Profile.swift */; };
		07A068F7243A4663009F6B3A /* Upload.swift in Sources */ = {isa = PBXBuildFile; fileRef = 07A068F6243A4663009F6B3A /* Upload.swift */; };
		07A068F9243A47AB009F6B3A /* Contribution.swift in Sources */ = {isa = PBXBuildFile; fileRef = 07A068F8243A47AB009F6B3A /* Contribution.swift */; };
		07A068FB243A49DB009F6B3A /* UploadPreferences.swift in Sources */ = {isa = PBXBuildFile; fileRef = 07A068FA243A49DB009F6B3A /* UploadPreferences.swift */; };
		07A068FD243A50B1009F6B3A /* ContributionCards.swift in Sources */ = {isa = PBXBuildFile; fileRef = 07A068FC243A50B1009F6B3A /* ContributionCards.swift */; };
		07C29BBE243B0C2F0098447E /* HistoryDialog.swift in Sources */ = {isa = PBXBuildFile; fileRef = 07C29BBD243B0C2F0098447E /* HistoryDialog.swift */; };
		07C29BC0243B11970098447E /* UploadCards.swift in Sources */ = {isa = PBXBuildFile; fileRef = 07C29BBF243B11970098447E /* UploadCards.swift */; };
		5F323F44242F74FE00353988 /* ShareViewController.swift in Sources */ = {isa = PBXBuildFile; fileRef = 5F323F43242F74FE00353988 /* ShareViewController.swift */; };
		5F323F47242F74FE00353988 /* MainInterface.storyboard in Resources */ = {isa = PBXBuildFile; fileRef = 5F323F45242F74FE00353988 /* MainInterface.storyboard */; };
		5F323F4B242F74FE00353988 /* AjarisUploaderShare.appex in Embed App Extensions */ = {isa = PBXBuildFile; fileRef = 5F323F41242F74FE00353988 /* AjarisUploaderShare.appex */; settings = {ATTRIBUTES = (RemoveHeadersOnCopy, ); }; };
		98E4BE923E23668E2305BEE8 /* Pods_AjarisUploaderTests.framework in Frameworks */ = {isa = PBXBuildFile; fileRef = 3ED4F9752D6A72FE3160607D /* Pods_AjarisUploaderTests.framework */; };
		BE1A42169350BF0BBAB225DB /* Pods_AjarisUploader_AjarisUploaderUITests.framework in Frameworks */ = {isa = PBXBuildFile; fileRef = F8FE1277C20B6201B1865DD4 /* Pods_AjarisUploader_AjarisUploaderUITests.framework */; };
		C8838E94703B3D15EAA7B6D9 /* Pods_AjarisUploaderShare.framework in Frameworks */ = {isa = PBXBuildFile; fileRef = DCDB656A74FD3C87B0D4828D /* Pods_AjarisUploaderShare.framework */; };
		FE50255BD7EC3806BF311691 /* Pods_AjarisUploader.framework in Frameworks */ = {isa = PBXBuildFile; fileRef = CD505E3683B6464FD1BFBC83 /* Pods_AjarisUploader.framework */; };
/* End PBXBuildFile section */

/* Begin PBXContainerItemProxy section */
		077A4177242906AF0027B495 /* PBXContainerItemProxy */ = {
			isa = PBXContainerItemProxy;
			containerPortal = 077A4158242906AD0027B495 /* Project object */;
			proxyType = 1;
			remoteGlobalIDString = 077A415F242906AD0027B495;
			remoteInfo = AjarisUploader;
		};
		077A4182242906AF0027B495 /* PBXContainerItemProxy */ = {
			isa = PBXContainerItemProxy;
			containerPortal = 077A4158242906AD0027B495 /* Project object */;
			proxyType = 1;
			remoteGlobalIDString = 077A415F242906AD0027B495;
			remoteInfo = AjarisUploader;
		};
		5F323F49242F74FE00353988 /* PBXContainerItemProxy */ = {
			isa = PBXContainerItemProxy;
			containerPortal = 077A4158242906AD0027B495 /* Project object */;
			proxyType = 1;
			remoteGlobalIDString = 5F323F40242F74FE00353988;
			remoteInfo = AjarisUploaderShare;
		};
/* End PBXContainerItemProxy section */

/* Begin PBXCopyFilesBuildPhase section */
		5F323F4C242F74FE00353988 /* Embed App Extensions */ = {
			isa = PBXCopyFilesBuildPhase;
			buildActionMask = 2147483647;
			dstPath = "";
			dstSubfolderSpec = 13;
			files = (
				5F323F4B242F74FE00353988 /* AjarisUploaderShare.appex in Embed App Extensions */,
			);
			name = "Embed App Extensions";
			runOnlyForDeploymentPostprocessing = 0;
		};
/* End PBXCopyFilesBuildPhase section */

/* Begin PBXFileReference section */
		070A0406243B712E001FDCC7 /* ProfileDialog.swift */ = {isa = PBXFileReference; lastKnownFileType = sourcecode.swift; path = ProfileDialog.swift; sourceTree = "<group>"; };
		072A2CB1242A880100C0BBF9 /* Base.swift */ = {isa = PBXFileReference; lastKnownFileType = sourcecode.swift; path = Base.swift; sourceTree = "<group>"; };
		072A2CB3242A9E1E00C0BBF9 /* AddProfileView.swift */ = {isa = PBXFileReference; lastKnownFileType = sourcecode.swift; path = AddProfileView.swift; sourceTree = "<group>"; };
		0739E08E247E888D00446106 /* UserPreferences.swift */ = {isa = PBXFileReference; lastKnownFileType = sourcecode.swift; path = UserPreferences.swift; sourceTree = "<group>"; };
		0739E090247E88EF00446106 /* Contribution.swift */ = {isa = PBXFileReference; lastKnownFileType = sourcecode.swift; path = Contribution.swift; sourceTree = "<group>"; };
		0739E092247E890F00446106 /* Upload.swift */ = {isa = PBXFileReference; lastKnownFileType = sourcecode.swift; path = Upload.swift; sourceTree = "<group>"; };
		0739E094247E892B00446106 /* Profile.swift */ = {isa = PBXFileReference; lastKnownFileType = sourcecode.swift; path = Profile.swift; sourceTree = "<group>"; };
		0739E096247E894500446106 /* Base.swift */ = {isa = PBXFileReference; lastKnownFileType = sourcecode.swift; path = Base.swift; sourceTree = "<group>"; };
		077A4160242906AD0027B495 /* AjarisUploader.app */ = {isa = PBXFileReference; explicitFileType = wrapper.application; includeInIndex = 0; path = AjarisUploader.app; sourceTree = BUILT_PRODUCTS_DIR; };
		077A4169242906AF0027B495 /* Assets.xcassets */ = {isa = PBXFileReference; lastKnownFileType = folder.assetcatalog; path = Assets.xcassets; sourceTree = "<group>"; };
		077A416C242906AF0027B495 /* Preview Assets.xcassets */ = {isa = PBXFileReference; lastKnownFileType = folder.assetcatalog; path = "Preview Assets.xcassets"; sourceTree = "<group>"; };
		077A4171242906AF0027B495 /* Info.plist */ = {isa = PBXFileReference; explicitFileType = text.plist.info; path = Info.plist; sourceTree = "<group>"; };
		077A4176242906AF0027B495 /* AjarisUploaderTests.xctest */ = {isa = PBXFileReference; explicitFileType = wrapper.cfbundle; includeInIndex = 0; path = AjarisUploaderTests.xctest; sourceTree = BUILT_PRODUCTS_DIR; };
		077A417A242906AF0027B495 /* AjarisUploaderTests.swift */ = {isa = PBXFileReference; lastKnownFileType = sourcecode.swift; path = AjarisUploaderTests.swift; sourceTree = "<group>"; };
		077A417C242906AF0027B495 /* Info.plist */ = {isa = PBXFileReference; lastKnownFileType = text.plist.xml; path = Info.plist; sourceTree = "<group>"; };
		077A4181242906AF0027B495 /* AjarisUploaderUITests.xctest */ = {isa = PBXFileReference; explicitFileType = wrapper.cfbundle; includeInIndex = 0; path = AjarisUploaderUITests.xctest; sourceTree = BUILT_PRODUCTS_DIR; };
		077A4185242906AF0027B495 /* AjarisUploaderUITests.swift */ = {isa = PBXFileReference; lastKnownFileType = sourcecode.swift; path = AjarisUploaderUITests.swift; sourceTree = "<group>"; };
		077A4187242906AF0027B495 /* Info.plist */ = {isa = PBXFileReference; lastKnownFileType = text.plist.xml; path = Info.plist; sourceTree = "<group>"; };
		077A419B242914FD0027B495 /* AppDelegate.swift */ = {isa = PBXFileReference; fileEncoding = 4; lastKnownFileType = sourcecode.swift; path = AppDelegate.swift; sourceTree = "<group>"; };
		077A419E242915B30027B495 /* ContentView.swift */ = {isa = PBXFileReference; fileEncoding = 4; lastKnownFileType = sourcecode.swift; path = ContentView.swift; sourceTree = "<group>"; };
		077A41A524291FBD0027B495 /* SceneDelegate.swift */ = {isa = PBXFileReference; fileEncoding = 4; lastKnownFileType = sourcecode.swift; path = SceneDelegate.swift; sourceTree = "<group>"; };
		078AAB02242DEA8400E4CEA5 /* RequestAPI.swift */ = {isa = PBXFileReference; lastKnownFileType = sourcecode.swift; path = RequestAPI.swift; sourceTree = "<group>"; };
		078AAB06242DF58500E4CEA5 /* XMLProcessing.swift */ = {isa = PBXFileReference; lastKnownFileType = sourcecode.swift; path = XMLProcessing.swift; sourceTree = "<group>"; };
		079DA6B3242A090000D9BA03 /* ProfileView.swift */ = {isa = PBXFileReference; lastKnownFileType = sourcecode.swift; path = ProfileView.swift; sourceTree = "<group>"; };
		079DA6B5242A095000D9BA03 /* HistoryView.swift */ = {isa = PBXFileReference; lastKnownFileType = sourcecode.swift; path = HistoryView.swift; sourceTree = "<group>"; };
		079DA6B7242A09E100D9BA03 /* AboutView.swift */ = {isa = PBXFileReference; lastKnownFileType = sourcecode.swift; path = AboutView.swift; sourceTree = "<group>"; };
		079DA6C2242A0F7F00D9BA03 /* ProfileCards.swift */ = {isa = PBXFileReference; lastKnownFileType = sourcecode.swift; path = ProfileCards.swift; sourceTree = "<group>"; };
		079DA6C5242A251500D9BA03 /* ProfilePreferences.swift */ = {isa = PBXFileReference; lastKnownFileType = sourcecode.swift; path = ProfilePreferences.swift; sourceTree = "<group>"; };
		079DA6C7242A262A00D9BA03 /* Profile.swift */ = {isa = PBXFileReference; lastKnownFileType = sourcecode.swift; path = Profile.swift; sourceTree = "<group>"; };
		07A068F6243A4663009F6B3A /* Upload.swift */ = {isa = PBXFileReference; lastKnownFileType = sourcecode.swift; path = Upload.swift; sourceTree = "<group>"; };
		07A068F8243A47AB009F6B3A /* Contribution.swift */ = {isa = PBXFileReference; lastKnownFileType = sourcecode.swift; path = Contribution.swift; sourceTree = "<group>"; };
		07A068FA243A49DB009F6B3A /* UploadPreferences.swift */ = {isa = PBXFileReference; lastKnownFileType = sourcecode.swift; path = UploadPreferences.swift; sourceTree = "<group>"; };
		07A068FC243A50B1009F6B3A /* ContributionCards.swift */ = {isa = PBXFileReference; lastKnownFileType = sourcecode.swift; path = ContributionCards.swift; sourceTree = "<group>"; };
		07C29BBD243B0C2F0098447E /* HistoryDialog.swift */ = {isa = PBXFileReference; lastKnownFileType = sourcecode.swift; path = HistoryDialog.swift; sourceTree = "<group>"; };
		07C29BBF243B11970098447E /* UploadCards.swift */ = {isa = PBXFileReference; lastKnownFileType = sourcecode.swift; path = UploadCards.swift; sourceTree = "<group>"; };
		12EDEB0BCD3630FE5CD08523 /* Pods-AjarisUploaderTests.debug.xcconfig */ = {isa = PBXFileReference; includeInIndex = 1; lastKnownFileType = text.xcconfig; name = "Pods-AjarisUploaderTests.debug.xcconfig"; path = "Target Support Files/Pods-AjarisUploaderTests/Pods-AjarisUploaderTests.debug.xcconfig"; sourceTree = "<group>"; };
		3ED4F9752D6A72FE3160607D /* Pods_AjarisUploaderTests.framework */ = {isa = PBXFileReference; explicitFileType = wrapper.framework; includeInIndex = 0; path = Pods_AjarisUploaderTests.framework; sourceTree = BUILT_PRODUCTS_DIR; };
		503A5C00EB2E6B8AAF5D932F /* Pods-AjarisUploader.release.xcconfig */ = {isa = PBXFileReference; includeInIndex = 1; lastKnownFileType = text.xcconfig; name = "Pods-AjarisUploader.release.xcconfig"; path = "Target Support Files/Pods-AjarisUploader/Pods-AjarisUploader.release.xcconfig"; sourceTree = "<group>"; };
		5F323F41242F74FE00353988 /* AjarisUploaderShare.appex */ = {isa = PBXFileReference; explicitFileType = "wrapper.app-extension"; includeInIndex = 0; path = AjarisUploaderShare.appex; sourceTree = BUILT_PRODUCTS_DIR; };
		5F323F43242F74FE00353988 /* ShareViewController.swift */ = {isa = PBXFileReference; lastKnownFileType = sourcecode.swift; path = ShareViewController.swift; sourceTree = "<group>"; };
		5F323F46242F74FE00353988 /* Base */ = {isa = PBXFileReference; lastKnownFileType = file.storyboard; name = Base; path = Base.lproj/MainInterface.storyboard; sourceTree = "<group>"; };
		5F323F48242F74FE00353988 /* Info.plist */ = {isa = PBXFileReference; lastKnownFileType = text.plist.xml; path = Info.plist; sourceTree = "<group>"; };
		5F323F50242F798F00353988 /* AjarisUploaderShare.entitlements */ = {isa = PBXFileReference; lastKnownFileType = text.plist.entitlements; path = AjarisUploaderShare.entitlements; sourceTree = "<group>"; };
		5F323F51242F79A300353988 /* AjarisUploader.entitlements */ = {isa = PBXFileReference; lastKnownFileType = text.plist.entitlements; path = AjarisUploader.entitlements; sourceTree = "<group>"; };
		8C41B5CEBC5D66692426E775 /* Pods-AjarisUploader-AjarisUploaderUITests.debug.xcconfig */ = {isa = PBXFileReference; includeInIndex = 1; lastKnownFileType = text.xcconfig; name = "Pods-AjarisUploader-AjarisUploaderUITests.debug.xcconfig"; path = "Target Support Files/Pods-AjarisUploader-AjarisUploaderUITests/Pods-AjarisUploader-AjarisUploaderUITests.debug.xcconfig"; sourceTree = "<group>"; };
		C4A2D7033BD57B71EDE47896 /* Pods-AjarisUploaderTests.release.xcconfig */ = {isa = PBXFileReference; includeInIndex = 1; lastKnownFileType = text.xcconfig; name = "Pods-AjarisUploaderTests.release.xcconfig"; path = "Target Support Files/Pods-AjarisUploaderTests/Pods-AjarisUploaderTests.release.xcconfig"; sourceTree = "<group>"; };
		C70B93B96E9388090E487D5A /* Pods-AjarisUploaderShare.debug.xcconfig */ = {isa = PBXFileReference; includeInIndex = 1; lastKnownFileType = text.xcconfig; name = "Pods-AjarisUploaderShare.debug.xcconfig"; path = "Target Support Files/Pods-AjarisUploaderShare/Pods-AjarisUploaderShare.debug.xcconfig"; sourceTree = "<group>"; };
		CA659D084973B5ABC0569365 /* Pods-AjarisUploader-AjarisUploaderUITests.release.xcconfig */ = {isa = PBXFileReference; includeInIndex = 1; lastKnownFileType = text.xcconfig; name = "Pods-AjarisUploader-AjarisUploaderUITests.release.xcconfig"; path = "Target Support Files/Pods-AjarisUploader-AjarisUploaderUITests/Pods-AjarisUploader-AjarisUploaderUITests.release.xcconfig"; sourceTree = "<group>"; };
		CD505E3683B6464FD1BFBC83 /* Pods_AjarisUploader.framework */ = {isa = PBXFileReference; explicitFileType = wrapper.framework; includeInIndex = 0; path = Pods_AjarisUploader.framework; sourceTree = BUILT_PRODUCTS_DIR; };
		D9C42D906824E018B9BADD2C /* Pods-AjarisUploaderShare.release.xcconfig */ = {isa = PBXFileReference; includeInIndex = 1; lastKnownFileType = text.xcconfig; name = "Pods-AjarisUploaderShare.release.xcconfig"; path = "Target Support Files/Pods-AjarisUploaderShare/Pods-AjarisUploaderShare.release.xcconfig"; sourceTree = "<group>"; };
		DCDB656A74FD3C87B0D4828D /* Pods_AjarisUploaderShare.framework */ = {isa = PBXFileReference; explicitFileType = wrapper.framework; includeInIndex = 0; path = Pods_AjarisUploaderShare.framework; sourceTree = BUILT_PRODUCTS_DIR; };
		F8FE1277C20B6201B1865DD4 /* Pods_AjarisUploader_AjarisUploaderUITests.framework */ = {isa = PBXFileReference; explicitFileType = wrapper.framework; includeInIndex = 0; path = Pods_AjarisUploader_AjarisUploaderUITests.framework; sourceTree = BUILT_PRODUCTS_DIR; };
		FD62416B45068231D3E534EA /* Pods-AjarisUploader.debug.xcconfig */ = {isa = PBXFileReference; includeInIndex = 1; lastKnownFileType = text.xcconfig; name = "Pods-AjarisUploader.debug.xcconfig"; path = "Target Support Files/Pods-AjarisUploader/Pods-AjarisUploader.debug.xcconfig"; sourceTree = "<group>"; };
/* End PBXFileReference section */

/* Begin PBXFrameworksBuildPhase section */
		077A415D242906AD0027B495 /* Frameworks */ = {
			isa = PBXFrameworksBuildPhase;
			buildActionMask = 2147483647;
			files = (
				FE50255BD7EC3806BF311691 /* Pods_AjarisUploader.framework in Frameworks */,
			);
			runOnlyForDeploymentPostprocessing = 0;
		};
		077A4173242906AF0027B495 /* Frameworks */ = {
			isa = PBXFrameworksBuildPhase;
			buildActionMask = 2147483647;
			files = (
				98E4BE923E23668E2305BEE8 /* Pods_AjarisUploaderTests.framework in Frameworks */,
			);
			runOnlyForDeploymentPostprocessing = 0;
		};
		077A417E242906AF0027B495 /* Frameworks */ = {
			isa = PBXFrameworksBuildPhase;
			buildActionMask = 2147483647;
			files = (
				BE1A42169350BF0BBAB225DB /* Pods_AjarisUploader_AjarisUploaderUITests.framework in Frameworks */,
			);
			runOnlyForDeploymentPostprocessing = 0;
		};
		5F323F3E242F74FE00353988 /* Frameworks */ = {
			isa = PBXFrameworksBuildPhase;
			buildActionMask = 2147483647;
			files = (
				C8838E94703B3D15EAA7B6D9 /* Pods_AjarisUploaderShare.framework in Frameworks */,
			);
			runOnlyForDeploymentPostprocessing = 0;
		};
/* End PBXFrameworksBuildPhase section */

/* Begin PBXGroup section */
		077A4157242906AD0027B495 = {
			isa = PBXGroup;
			children = (
				077A4162242906AD0027B495 /* AjarisUploader */,
				077A4179242906AF0027B495 /* AjarisUploaderTests */,
				077A4184242906AF0027B495 /* AjarisUploaderUITests */,
				5F323F42242F74FE00353988 /* AjarisUploaderShare */,
				077A4161242906AD0027B495 /* Products */,
				614003B5880884466FBD2358 /* Pods */,
				62D254F884493AF63A8DC798 /* Frameworks */,
			);
			sourceTree = "<group>";
		};
		077A4161242906AD0027B495 /* Products */ = {
			isa = PBXGroup;
			children = (
				077A4160242906AD0027B495 /* AjarisUploader.app */,
				077A4176242906AF0027B495 /* AjarisUploaderTests.xctest */,
				077A4181242906AF0027B495 /* AjarisUploaderUITests.xctest */,
				5F323F41242F74FE00353988 /* AjarisUploaderShare.appex */,
			);
			name = Products;
			sourceTree = "<group>";
		};
		077A4162242906AD0027B495 /* AjarisUploader */ = {
			isa = PBXGroup;
			children = (
				5F323F51242F79A300353988 /* AjarisUploader.entitlements */,
				078AAB01242DEA4900E4CEA5 /* api */,
				077A419B242914FD0027B495 /* AppDelegate.swift */,
				077A41A524291FBD0027B495 /* SceneDelegate.swift */,
				077A419E242915B30027B495 /* ContentView.swift */,
				077A4169242906AF0027B495 /* Assets.xcassets */,
				077A4171242906AF0027B495 /* Info.plist */,
				077A416B242906AF0027B495 /* Preview Content */,
				079DA6B3242A090000D9BA03 /* ProfileView.swift */,
				079DA6B5242A095000D9BA03 /* HistoryView.swift */,
				079DA6B7242A09E100D9BA03 /* AboutView.swift */,
				079DA6C2242A0F7F00D9BA03 /* ProfileCards.swift */,
				079DA6C5242A251500D9BA03 /* ProfilePreferences.swift */,
				079DA6C7242A262A00D9BA03 /* Profile.swift */,
				072A2CB1242A880100C0BBF9 /* Base.swift */,
				072A2CB3242A9E1E00C0BBF9 /* AddProfileView.swift */,
				07A068F6243A4663009F6B3A /* Upload.swift */,
				07A068F8243A47AB009F6B3A /* Contribution.swift */,
				07A068FA243A49DB009F6B3A /* UploadPreferences.swift */,
				07A068FC243A50B1009F6B3A /* ContributionCards.swift */,
				07C29BBD243B0C2F0098447E /* HistoryDialog.swift */,
				07C29BBF243B11970098447E /* UploadCards.swift */,
				070A0406243B712E001FDCC7 /* ProfileDialog.swift */,
			);
			path = AjarisUploader;
			sourceTree = "<group>";
		};
		077A416B242906AF0027B495 /* Preview Content */ = {
			isa = PBXGroup;
			children = (
				077A416C242906AF0027B495 /* Preview Assets.xcassets */,
			);
			path = "Preview Content";
			sourceTree = "<group>";
		};
		077A4179242906AF0027B495 /* AjarisUploaderTests */ = {
			isa = PBXGroup;
			children = (
				077A417A242906AF0027B495 /* AjarisUploaderTests.swift */,
				077A417C242906AF0027B495 /* Info.plist */,
			);
			path = AjarisUploaderTests;
			sourceTree = "<group>";
		};
		077A4184242906AF0027B495 /* AjarisUploaderUITests */ = {
			isa = PBXGroup;
			children = (
				077A4185242906AF0027B495 /* AjarisUploaderUITests.swift */,
				077A4187242906AF0027B495 /* Info.plist */,
			);
			path = AjarisUploaderUITests;
			sourceTree = "<group>";
		};
		078AAB01242DEA4900E4CEA5 /* api */ = {
			isa = PBXGroup;
			children = (
				078AAB02242DEA8400E4CEA5 /* RequestAPI.swift */,
				078AAB06242DF58500E4CEA5 /* XMLProcessing.swift */,
			);
			name = api;
			sourceTree = "<group>";
		};
		5F323F42242F74FE00353988 /* AjarisUploaderShare */ = {
			isa = PBXGroup;
			children = (
				5F323F50242F798F00353988 /* AjarisUploaderShare.entitlements */,
				5F323F43242F74FE00353988 /* ShareViewController.swift */,
				5F323F45242F74FE00353988 /* MainInterface.storyboard */,
				5F323F48242F74FE00353988 /* Info.plist */,
				0739E08E247E888D00446106 /* UserPreferences.swift */,
				0739E090247E88EF00446106 /* Contribution.swift */,
				0739E092247E890F00446106 /* Upload.swift */,
				0739E094247E892B00446106 /* Profile.swift */,
				0739E096247E894500446106 /* Base.swift */,
			);
			path = AjarisUploaderShare;
			sourceTree = "<group>";
		};
		614003B5880884466FBD2358 /* Pods */ = {
			isa = PBXGroup;
			children = (
				FD62416B45068231D3E534EA /* Pods-AjarisUploader.debug.xcconfig */,
				503A5C00EB2E6B8AAF5D932F /* Pods-AjarisUploader.release.xcconfig */,
				8C41B5CEBC5D66692426E775 /* Pods-AjarisUploader-AjarisUploaderUITests.debug.xcconfig */,
				CA659D084973B5ABC0569365 /* Pods-AjarisUploader-AjarisUploaderUITests.release.xcconfig */,
				C70B93B96E9388090E487D5A /* Pods-AjarisUploaderShare.debug.xcconfig */,
				D9C42D906824E018B9BADD2C /* Pods-AjarisUploaderShare.release.xcconfig */,
				12EDEB0BCD3630FE5CD08523 /* Pods-AjarisUploaderTests.debug.xcconfig */,
				C4A2D7033BD57B71EDE47896 /* Pods-AjarisUploaderTests.release.xcconfig */,
			);
			path = Pods;
			sourceTree = "<group>";
		};
		62D254F884493AF63A8DC798 /* Frameworks */ = {
			isa = PBXGroup;
			children = (
				CD505E3683B6464FD1BFBC83 /* Pods_AjarisUploader.framework */,
				F8FE1277C20B6201B1865DD4 /* Pods_AjarisUploader_AjarisUploaderUITests.framework */,
				DCDB656A74FD3C87B0D4828D /* Pods_AjarisUploaderShare.framework */,
				3ED4F9752D6A72FE3160607D /* Pods_AjarisUploaderTests.framework */,
			);
			name = Frameworks;
			sourceTree = "<group>";
		};
/* End PBXGroup section */

/* Begin PBXNativeTarget section */
		077A415F242906AD0027B495 /* AjarisUploader */ = {
			isa = PBXNativeTarget;
			buildConfigurationList = 077A418A242906AF0027B495 /* Build configuration list for PBXNativeTarget "AjarisUploader" */;
			buildPhases = (
				721F112A8885ADEE418AE2D7 /* [CP] Check Pods Manifest.lock */,
				077A415C242906AD0027B495 /* Sources */,
				077A415D242906AD0027B495 /* Frameworks */,
				077A415E242906AD0027B495 /* Resources */,
				5F323F4C242F74FE00353988 /* Embed App Extensions */,
				5DB5065149B120688B11C376 /* [CP] Embed Pods Frameworks */,
			);
			buildRules = (
			);
			dependencies = (
				5F323F4A242F74FE00353988 /* PBXTargetDependency */,
			);
			name = AjarisUploader;
			productName = AjarisUploader;
			productReference = 077A4160242906AD0027B495 /* AjarisUploader.app */;
			productType = "com.apple.product-type.application";
		};
		077A4175242906AF0027B495 /* AjarisUploaderTests */ = {
			isa = PBXNativeTarget;
			buildConfigurationList = 077A418D242906AF0027B495 /* Build configuration list for PBXNativeTarget "AjarisUploaderTests" */;
			buildPhases = (
				9C616D68ABE0190121FA4708 /* [CP] Check Pods Manifest.lock */,
				077A4172242906AF0027B495 /* Sources */,
				077A4173242906AF0027B495 /* Frameworks */,
				077A4174242906AF0027B495 /* Resources */,
			);
			buildRules = (
			);
			dependencies = (
				077A4178242906AF0027B495 /* PBXTargetDependency */,
			);
			name = AjarisUploaderTests;
			productName = AjarisUploaderTests;
			productReference = 077A4176242906AF0027B495 /* AjarisUploaderTests.xctest */;
			productType = "com.apple.product-type.bundle.unit-test";
		};
		077A4180242906AF0027B495 /* AjarisUploaderUITests */ = {
			isa = PBXNativeTarget;
			buildConfigurationList = 077A4190242906AF0027B495 /* Build configuration list for PBXNativeTarget "AjarisUploaderUITests" */;
			buildPhases = (
				99D7CDAFB502FFE3A2D95C17 /* [CP] Check Pods Manifest.lock */,
				077A417D242906AF0027B495 /* Sources */,
				077A417E242906AF0027B495 /* Frameworks */,
				077A417F242906AF0027B495 /* Resources */,
				522EA93FC5D26E760D51C84C /* [CP] Embed Pods Frameworks */,
			);
			buildRules = (
			);
			dependencies = (
				077A4183242906AF0027B495 /* PBXTargetDependency */,
			);
			name = AjarisUploaderUITests;
			productName = AjarisUploaderUITests;
			productReference = 077A4181242906AF0027B495 /* AjarisUploaderUITests.xctest */;
			productType = "com.apple.product-type.bundle.ui-testing";
		};
		5F323F40242F74FE00353988 /* AjarisUploaderShare */ = {
			isa = PBXNativeTarget;
			buildConfigurationList = 5F323F4F242F74FE00353988 /* Build configuration list for PBXNativeTarget "AjarisUploaderShare" */;
			buildPhases = (
				105273453E07BD2D3882AB1F /* [CP] Check Pods Manifest.lock */,
				5F323F3D242F74FE00353988 /* Sources */,
				5F323F3E242F74FE00353988 /* Frameworks */,
				5F323F3F242F74FE00353988 /* Resources */,
			);
			buildRules = (
			);
			dependencies = (
			);
			name = AjarisUploaderShare;
			productName = AjarisUploaderShare;
			productReference = 5F323F41242F74FE00353988 /* AjarisUploaderShare.appex */;
			productType = "com.apple.product-type.app-extension";
		};
/* End PBXNativeTarget section */

/* Begin PBXProject section */
		077A4158242906AD0027B495 /* Project object */ = {
			isa = PBXProject;
			attributes = {
				LastSwiftUpdateCheck = 1130;
				LastUpgradeCheck = 1130;
				ORGANIZATIONNAME = "Mistale Software";
				TargetAttributes = {
					077A415F242906AD0027B495 = {
						CreatedOnToolsVersion = 11.3.1;
					};
					077A4175242906AF0027B495 = {
						CreatedOnToolsVersion = 11.3.1;
						TestTargetID = 077A415F242906AD0027B495;
					};
					077A4180242906AF0027B495 = {
						CreatedOnToolsVersion = 11.3.1;
						TestTargetID = 077A415F242906AD0027B495;
					};
					5F323F40242F74FE00353988 = {
						CreatedOnToolsVersion = 11.3.1;
					};
				};
			};
			buildConfigurationList = 077A415B242906AD0027B495 /* Build configuration list for PBXProject "AjarisUploader" */;
			compatibilityVersion = "Xcode 9.3";
			developmentRegion = en;
			hasScannedForEncodings = 0;
			knownRegions = (
				en,
				Base,
			);
			mainGroup = 077A4157242906AD0027B495;
			productRefGroup = 077A4161242906AD0027B495 /* Products */;
			projectDirPath = "";
			projectRoot = "";
			targets = (
				077A415F242906AD0027B495 /* AjarisUploader */,
				077A4175242906AF0027B495 /* AjarisUploaderTests */,
				077A4180242906AF0027B495 /* AjarisUploaderUITests */,
				5F323F40242F74FE00353988 /* AjarisUploaderShare */,
			);
		};
/* End PBXProject section */

/* Begin PBXResourcesBuildPhase section */
		077A415E242906AD0027B495 /* Resources */ = {
			isa = PBXResourcesBuildPhase;
			buildActionMask = 2147483647;
			files = (
				077A416D242906AF0027B495 /* Preview Assets.xcassets in Resources */,
				077A416A242906AF0027B495 /* Assets.xcassets in Resources */,
			);
			runOnlyForDeploymentPostprocessing = 0;
		};
		077A4174242906AF0027B495 /* Resources */ = {
			isa = PBXResourcesBuildPhase;
			buildActionMask = 2147483647;
			files = (
			);
			runOnlyForDeploymentPostprocessing = 0;
		};
		077A417F242906AF0027B495 /* Resources */ = {
			isa = PBXResourcesBuildPhase;
			buildActionMask = 2147483647;
			files = (
			);
			runOnlyForDeploymentPostprocessing = 0;
		};
		5F323F3F242F74FE00353988 /* Resources */ = {
			isa = PBXResourcesBuildPhase;
			buildActionMask = 2147483647;
			files = (
				5F323F47242F74FE00353988 /* MainInterface.storyboard in Resources */,
			);
			runOnlyForDeploymentPostprocessing = 0;
		};
/* End PBXResourcesBuildPhase section */

/* Begin PBXShellScriptBuildPhase section */
		105273453E07BD2D3882AB1F /* [CP] Check Pods Manifest.lock */ = {
			isa = PBXShellScriptBuildPhase;
			buildActionMask = 2147483647;
			files = (
			);
			inputFileListPaths = (
			);
			inputPaths = (
				"${PODS_PODFILE_DIR_PATH}/Podfile.lock",
				"${PODS_ROOT}/Manifest.lock",
			);
			name = "[CP] Check Pods Manifest.lock";
			outputFileListPaths = (
			);
			outputPaths = (
				"$(DERIVED_FILE_DIR)/Pods-AjarisUploaderShare-checkManifestLockResult.txt",
			);
			runOnlyForDeploymentPostprocessing = 0;
			shellPath = /bin/sh;
			shellScript = "diff \"${PODS_PODFILE_DIR_PATH}/Podfile.lock\" \"${PODS_ROOT}/Manifest.lock\" > /dev/null\nif [ $? != 0 ] ; then\n    # print error to STDERR\n    echo \"error: The sandbox is not in sync with the Podfile.lock. Run 'pod install' or update your CocoaPods installation.\" >&2\n    exit 1\nfi\n# This output is used by Xcode 'outputs' to avoid re-running this script phase.\necho \"SUCCESS\" > \"${SCRIPT_OUTPUT_FILE_0}\"\n";
			showEnvVarsInLog = 0;
		};
		522EA93FC5D26E760D51C84C /* [CP] Embed Pods Frameworks */ = {
			isa = PBXShellScriptBuildPhase;
			buildActionMask = 2147483647;
			files = (
			);
			inputFileListPaths = (
				"${PODS_ROOT}/Target Support Files/Pods-AjarisUploader-AjarisUploaderUITests/Pods-AjarisUploader-AjarisUploaderUITests-frameworks-${CONFIGURATION}-input-files.xcfilelist",
			);
			name = "[CP] Embed Pods Frameworks";
			outputFileListPaths = (
				"${PODS_ROOT}/Target Support Files/Pods-AjarisUploader-AjarisUploaderUITests/Pods-AjarisUploader-AjarisUploaderUITests-frameworks-${CONFIGURATION}-output-files.xcfilelist",
			);
			runOnlyForDeploymentPostprocessing = 0;
			shellPath = /bin/sh;
			shellScript = "\"${PODS_ROOT}/Target Support Files/Pods-AjarisUploader-AjarisUploaderUITests/Pods-AjarisUploader-AjarisUploaderUITests-frameworks.sh\"\n";
			showEnvVarsInLog = 0;
		};
		5DB5065149B120688B11C376 /* [CP] Embed Pods Frameworks */ = {
			isa = PBXShellScriptBuildPhase;
			buildActionMask = 2147483647;
			files = (
			);
			inputFileListPaths = (
				"${PODS_ROOT}/Target Support Files/Pods-AjarisUploader/Pods-AjarisUploader-frameworks-${CONFIGURATION}-input-files.xcfilelist",
			);
			name = "[CP] Embed Pods Frameworks";
			outputFileListPaths = (
				"${PODS_ROOT}/Target Support Files/Pods-AjarisUploader/Pods-AjarisUploader-frameworks-${CONFIGURATION}-output-files.xcfilelist",
			);
			runOnlyForDeploymentPostprocessing = 0;
			shellPath = /bin/sh;
			shellScript = "\"${PODS_ROOT}/Target Support Files/Pods-AjarisUploader/Pods-AjarisUploader-frameworks.sh\"\n";
			showEnvVarsInLog = 0;
		};
		721F112A8885ADEE418AE2D7 /* [CP] Check Pods Manifest.lock */ = {
			isa = PBXShellScriptBuildPhase;
			buildActionMask = 2147483647;
			files = (
			);
			inputFileListPaths = (
			);
			inputPaths = (
				"${PODS_PODFILE_DIR_PATH}/Podfile.lock",
				"${PODS_ROOT}/Manifest.lock",
			);
			name = "[CP] Check Pods Manifest.lock";
			outputFileListPaths = (
			);
			outputPaths = (
				"$(DERIVED_FILE_DIR)/Pods-AjarisUploader-checkManifestLockResult.txt",
			);
			runOnlyForDeploymentPostprocessing = 0;
			shellPath = /bin/sh;
			shellScript = "diff \"${PODS_PODFILE_DIR_PATH}/Podfile.lock\" \"${PODS_ROOT}/Manifest.lock\" > /dev/null\nif [ $? != 0 ] ; then\n    # print error to STDERR\n    echo \"error: The sandbox is not in sync with the Podfile.lock. Run 'pod install' or update your CocoaPods installation.\" >&2\n    exit 1\nfi\n# This output is used by Xcode 'outputs' to avoid re-running this script phase.\necho \"SUCCESS\" > \"${SCRIPT_OUTPUT_FILE_0}\"\n";
			showEnvVarsInLog = 0;
		};
		99D7CDAFB502FFE3A2D95C17 /* [CP] Check Pods Manifest.lock */ = {
			isa = PBXShellScriptBuildPhase;
			buildActionMask = 2147483647;
			files = (
			);
			inputFileListPaths = (
			);
			inputPaths = (
				"${PODS_PODFILE_DIR_PATH}/Podfile.lock",
				"${PODS_ROOT}/Manifest.lock",
			);
			name = "[CP] Check Pods Manifest.lock";
			outputFileListPaths = (
			);
			outputPaths = (
				"$(DERIVED_FILE_DIR)/Pods-AjarisUploader-AjarisUploaderUITests-checkManifestLockResult.txt",
			);
			runOnlyForDeploymentPostprocessing = 0;
			shellPath = /bin/sh;
			shellScript = "diff \"${PODS_PODFILE_DIR_PATH}/Podfile.lock\" \"${PODS_ROOT}/Manifest.lock\" > /dev/null\nif [ $? != 0 ] ; then\n    # print error to STDERR\n    echo \"error: The sandbox is not in sync with the Podfile.lock. Run 'pod install' or update your CocoaPods installation.\" >&2\n    exit 1\nfi\n# This output is used by Xcode 'outputs' to avoid re-running this script phase.\necho \"SUCCESS\" > \"${SCRIPT_OUTPUT_FILE_0}\"\n";
			showEnvVarsInLog = 0;
		};
		9C616D68ABE0190121FA4708 /* [CP] Check Pods Manifest.lock */ = {
			isa = PBXShellScriptBuildPhase;
			buildActionMask = 2147483647;
			files = (
			);
			inputFileListPaths = (
			);
			inputPaths = (
				"${PODS_PODFILE_DIR_PATH}/Podfile.lock",
				"${PODS_ROOT}/Manifest.lock",
			);
			name = "[CP] Check Pods Manifest.lock";
			outputFileListPaths = (
			);
			outputPaths = (
				"$(DERIVED_FILE_DIR)/Pods-AjarisUploaderTests-checkManifestLockResult.txt",
			);
			runOnlyForDeploymentPostprocessing = 0;
			shellPath = /bin/sh;
			shellScript = "diff \"${PODS_PODFILE_DIR_PATH}/Podfile.lock\" \"${PODS_ROOT}/Manifest.lock\" > /dev/null\nif [ $? != 0 ] ; then\n    # print error to STDERR\n    echo \"error: The sandbox is not in sync with the Podfile.lock. Run 'pod install' or update your CocoaPods installation.\" >&2\n    exit 1\nfi\n# This output is used by Xcode 'outputs' to avoid re-running this script phase.\necho \"SUCCESS\" > \"${SCRIPT_OUTPUT_FILE_0}\"\n";
			showEnvVarsInLog = 0;
		};
/* End PBXShellScriptBuildPhase section */

/* Begin PBXSourcesBuildPhase section */
		077A415C242906AD0027B495 /* Sources */ = {
			isa = PBXSourcesBuildPhase;
			buildActionMask = 2147483647;
			files = (
				072A2CB4242A9E1E00C0BBF9 /* AddProfileView.swift in Sources */,
				077A419C242914FD0027B495 /* AppDelegate.swift in Sources */,
				070A0407243B712E001FDCC7 /* ProfileDialog.swift in Sources */,
				079DA6C8242A262A00D9BA03 /* Profile.swift in Sources */,
				078AAB03242DEA8400E4CEA5 /* RequestAPI.swift in Sources */,
				07C29BC0243B11970098447E /* UploadCards.swift in Sources */,
				079DA6B6242A095000D9BA03 /* HistoryView.swift in Sources */,
				077A41A0242915B40027B495 /* ContentView.swift in Sources */,
				07C29BBE243B0C2F0098447E /* HistoryDialog.swift in Sources */,
				072A2CB2242A880100C0BBF9 /* Base.swift in Sources */,
				079DA6B8242A09E100D9BA03 /* AboutView.swift in Sources */,
				079DA6C6242A251500D9BA03 /* ProfilePreferences.swift in Sources */,
				07A068F9243A47AB009F6B3A /* Contribution.swift in Sources */,
				07A068F7243A4663009F6B3A /* Upload.swift in Sources */,
				07A068FB243A49DB009F6B3A /* UploadPreferences.swift in Sources */,
				078AAB07242DF58500E4CEA5 /* XMLProcessing.swift in Sources */,
				079DA6C3242A0F7F00D9BA03 /* ProfileCards.swift in Sources */,
				079DA6B4242A090000D9BA03 /* ProfileView.swift in Sources */,
				077A41A624291FBD0027B495 /* SceneDelegate.swift in Sources */,
				07A068FD243A50B1009F6B3A /* ContributionCards.swift in Sources */,
			);
			runOnlyForDeploymentPostprocessing = 0;
		};
		077A4172242906AF0027B495 /* Sources */ = {
			isa = PBXSourcesBuildPhase;
			buildActionMask = 2147483647;
			files = (
				077A417B242906AF0027B495 /* AjarisUploaderTests.swift in Sources */,
			);
			runOnlyForDeploymentPostprocessing = 0;
		};
		077A417D242906AF0027B495 /* Sources */ = {
			isa = PBXSourcesBuildPhase;
			buildActionMask = 2147483647;
			files = (
				077A4186242906AF0027B495 /* AjarisUploaderUITests.swift in Sources */,
			);
			runOnlyForDeploymentPostprocessing = 0;
		};
		5F323F3D242F74FE00353988 /* Sources */ = {
			isa = PBXSourcesBuildPhase;
			buildActionMask = 2147483647;
			files = (
				0739E097247E894500446106 /* Base.swift in Sources */,
				0739E093247E890F00446106 /* Upload.swift in Sources */,
				0739E095247E892B00446106 /* Profile.swift in Sources */,
				5F323F44242F74FE00353988 /* ShareViewController.swift in Sources */,
				0739E08F247E888D00446106 /* UserPreferences.swift in Sources */,
				0739E091247E88EF00446106 /* Contribution.swift in Sources */,
			);
			runOnlyForDeploymentPostprocessing = 0;
		};
/* End PBXSourcesBuildPhase section */

/* Begin PBXTargetDependency section */
		077A4178242906AF0027B495 /* PBXTargetDependency */ = {
			isa = PBXTargetDependency;
			target = 077A415F242906AD0027B495 /* AjarisUploader */;
			targetProxy = 077A4177242906AF0027B495 /* PBXContainerItemProxy */;
		};
		077A4183242906AF0027B495 /* PBXTargetDependency */ = {
			isa = PBXTargetDependency;
			target = 077A415F242906AD0027B495 /* AjarisUploader */;
			targetProxy = 077A4182242906AF0027B495 /* PBXContainerItemProxy */;
		};
		5F323F4A242F74FE00353988 /* PBXTargetDependency */ = {
			isa = PBXTargetDependency;
			target = 5F323F40242F74FE00353988 /* AjarisUploaderShare */;
			targetProxy = 5F323F49242F74FE00353988 /* PBXContainerItemProxy */;
		};
/* End PBXTargetDependency section */

/* Begin PBXVariantGroup section */
		5F323F45242F74FE00353988 /* MainInterface.storyboard */ = {
			isa = PBXVariantGroup;
			children = (
				5F323F46242F74FE00353988 /* Base */,
			);
			name = MainInterface.storyboard;
			sourceTree = "<group>";
		};
/* End PBXVariantGroup section */

/* Begin XCBuildConfiguration section */
		077A4188242906AF0027B495 /* Debug */ = {
			isa = XCBuildConfiguration;
			buildSettings = {
				ALWAYS_SEARCH_USER_PATHS = NO;
				CLANG_ANALYZER_NONNULL = YES;
				CLANG_ANALYZER_NUMBER_OBJECT_CONVERSION = YES_AGGRESSIVE;
				CLANG_CXX_LANGUAGE_STANDARD = "gnu++14";
				CLANG_CXX_LIBRARY = "libc++";
				CLANG_ENABLE_MODULES = YES;
				CLANG_ENABLE_OBJC_ARC = YES;
				CLANG_ENABLE_OBJC_WEAK = YES;
				CLANG_WARN_BLOCK_CAPTURE_AUTORELEASING = YES;
				CLANG_WARN_BOOL_CONVERSION = YES;
				CLANG_WARN_COMMA = YES;
				CLANG_WARN_CONSTANT_CONVERSION = YES;
				CLANG_WARN_DEPRECATED_OBJC_IMPLEMENTATIONS = YES;
				CLANG_WARN_DIRECT_OBJC_ISA_USAGE = YES_ERROR;
				CLANG_WARN_DOCUMENTATION_COMMENTS = YES;
				CLANG_WARN_EMPTY_BODY = YES;
				CLANG_WARN_ENUM_CONVERSION = YES;
				CLANG_WARN_INFINITE_RECURSION = YES;
				CLANG_WARN_INT_CONVERSION = YES;
				CLANG_WARN_NON_LITERAL_NULL_CONVERSION = YES;
				CLANG_WARN_OBJC_IMPLICIT_RETAIN_SELF = YES;
				CLANG_WARN_OBJC_LITERAL_CONVERSION = YES;
				CLANG_WARN_OBJC_ROOT_CLASS = YES_ERROR;
				CLANG_WARN_RANGE_LOOP_ANALYSIS = YES;
				CLANG_WARN_STRICT_PROTOTYPES = YES;
				CLANG_WARN_SUSPICIOUS_MOVE = YES;
				CLANG_WARN_UNGUARDED_AVAILABILITY = YES_AGGRESSIVE;
				CLANG_WARN_UNREACHABLE_CODE = YES;
				CLANG_WARN__DUPLICATE_METHOD_MATCH = YES;
				COPY_PHASE_STRIP = NO;
				DEBUG_INFORMATION_FORMAT = dwarf;
				ENABLE_STRICT_OBJC_MSGSEND = YES;
				ENABLE_TESTABILITY = YES;
				GCC_C_LANGUAGE_STANDARD = gnu11;
				GCC_DYNAMIC_NO_PIC = NO;
				GCC_NO_COMMON_BLOCKS = YES;
				GCC_OPTIMIZATION_LEVEL = 0;
				GCC_PREPROCESSOR_DEFINITIONS = (
					"DEBUG=1",
					"$(inherited)",
				);
				GCC_WARN_64_TO_32_BIT_CONVERSION = YES;
				GCC_WARN_ABOUT_RETURN_TYPE = YES_ERROR;
				GCC_WARN_UNDECLARED_SELECTOR = YES;
				GCC_WARN_UNINITIALIZED_AUTOS = YES_AGGRESSIVE;
				GCC_WARN_UNUSED_FUNCTION = YES;
				GCC_WARN_UNUSED_VARIABLE = YES;
				IPHONEOS_DEPLOYMENT_TARGET = 13.2;
				MTL_ENABLE_DEBUG_INFO = INCLUDE_SOURCE;
				MTL_FAST_MATH = YES;
				ONLY_ACTIVE_ARCH = YES;
				SDKROOT = iphoneos;
				SWIFT_ACTIVE_COMPILATION_CONDITIONS = DEBUG;
				SWIFT_OPTIMIZATION_LEVEL = "-Onone";
			};
			name = Debug;
		};
		077A4189242906AF0027B495 /* Release */ = {
			isa = XCBuildConfiguration;
			buildSettings = {
				ALWAYS_SEARCH_USER_PATHS = NO;
				CLANG_ANALYZER_NONNULL = YES;
				CLANG_ANALYZER_NUMBER_OBJECT_CONVERSION = YES_AGGRESSIVE;
				CLANG_CXX_LANGUAGE_STANDARD = "gnu++14";
				CLANG_CXX_LIBRARY = "libc++";
				CLANG_ENABLE_MODULES = YES;
				CLANG_ENABLE_OBJC_ARC = YES;
				CLANG_ENABLE_OBJC_WEAK = YES;
				CLANG_WARN_BLOCK_CAPTURE_AUTORELEASING = YES;
				CLANG_WARN_BOOL_CONVERSION = YES;
				CLANG_WARN_COMMA = YES;
				CLANG_WARN_CONSTANT_CONVERSION = YES;
				CLANG_WARN_DEPRECATED_OBJC_IMPLEMENTATIONS = YES;
				CLANG_WARN_DIRECT_OBJC_ISA_USAGE = YES_ERROR;
				CLANG_WARN_DOCUMENTATION_COMMENTS = YES;
				CLANG_WARN_EMPTY_BODY = YES;
				CLANG_WARN_ENUM_CONVERSION = YES;
				CLANG_WARN_INFINITE_RECURSION = YES;
				CLANG_WARN_INT_CONVERSION = YES;
				CLANG_WARN_NON_LITERAL_NULL_CONVERSION = YES;
				CLANG_WARN_OBJC_IMPLICIT_RETAIN_SELF = YES;
				CLANG_WARN_OBJC_LITERAL_CONVERSION = YES;
				CLANG_WARN_OBJC_ROOT_CLASS = YES_ERROR;
				CLANG_WARN_RANGE_LOOP_ANALYSIS = YES;
				CLANG_WARN_STRICT_PROTOTYPES = YES;
				CLANG_WARN_SUSPICIOUS_MOVE = YES;
				CLANG_WARN_UNGUARDED_AVAILABILITY = YES_AGGRESSIVE;
				CLANG_WARN_UNREACHABLE_CODE = YES;
				CLANG_WARN__DUPLICATE_METHOD_MATCH = YES;
				COPY_PHASE_STRIP = NO;
				DEBUG_INFORMATION_FORMAT = "dwarf-with-dsym";
				ENABLE_NS_ASSERTIONS = NO;
				ENABLE_STRICT_OBJC_MSGSEND = YES;
				GCC_C_LANGUAGE_STANDARD = gnu11;
				GCC_NO_COMMON_BLOCKS = YES;
				GCC_WARN_64_TO_32_BIT_CONVERSION = YES;
				GCC_WARN_ABOUT_RETURN_TYPE = YES_ERROR;
				GCC_WARN_UNDECLARED_SELECTOR = YES;
				GCC_WARN_UNINITIALIZED_AUTOS = YES_AGGRESSIVE;
				GCC_WARN_UNUSED_FUNCTION = YES;
				GCC_WARN_UNUSED_VARIABLE = YES;
				IPHONEOS_DEPLOYMENT_TARGET = 13.2;
				MTL_ENABLE_DEBUG_INFO = NO;
				MTL_FAST_MATH = YES;
				SDKROOT = iphoneos;
				SWIFT_COMPILATION_MODE = wholemodule;
				SWIFT_OPTIMIZATION_LEVEL = "-O";
				VALIDATE_PRODUCT = YES;
			};
			name = Release;
		};
		077A418B242906AF0027B495 /* Debug */ = {
			isa = XCBuildConfiguration;
			baseConfigurationReference = FD62416B45068231D3E534EA /* Pods-AjarisUploader.debug.xcconfig */;
			buildSettings = {
				ALWAYS_EMBED_SWIFT_STANDARD_LIBRARIES = $inherited;
				ASSETCATALOG_COMPILER_APPICON_NAME = AppIcon;
				BUILD_LIBRARY_FOR_DISTRIBUTION = YES;
				CODE_SIGN_ENTITLEMENTS = AjarisUploader/AjarisUploader.entitlements;
				CODE_SIGN_STYLE = Automatic;
				DEVELOPMENT_ASSET_PATHS = "\"AjarisUploader/Preview Content\"";
				ENABLE_PREVIEWS = YES;
				INFOPLIST_FILE = AjarisUploader/Info.plist;
				LD_RUNPATH_SEARCH_PATHS = (
					"$(inherited)",
					"@executable_path/Frameworks",
				);
				PRODUCT_BUNDLE_IDENTIFIER = com.mistale.AjarisUploader;
				PRODUCT_NAME = "$(TARGET_NAME)";
				SWIFT_VERSION = 5.0;
				TARGETED_DEVICE_FAMILY = "1,2";
			};
			name = Debug;
		};
		077A418C242906AF0027B495 /* Release */ = {
			isa = XCBuildConfiguration;
			baseConfigurationReference = 503A5C00EB2E6B8AAF5D932F /* Pods-AjarisUploader.release.xcconfig */;
			buildSettings = {
				ALWAYS_EMBED_SWIFT_STANDARD_LIBRARIES = $inherited;
				ASSETCATALOG_COMPILER_APPICON_NAME = AppIcon;
				BUILD_LIBRARY_FOR_DISTRIBUTION = YES;
				CODE_SIGN_ENTITLEMENTS = AjarisUploader/AjarisUploader.entitlements;
				CODE_SIGN_STYLE = Automatic;
				DEVELOPMENT_ASSET_PATHS = "\"AjarisUploader/Preview Content\"";
				ENABLE_PREVIEWS = YES;
				INFOPLIST_FILE = AjarisUploader/Info.plist;
				LD_RUNPATH_SEARCH_PATHS = (
					"$(inherited)",
					"@executable_path/Frameworks",
				);
				PRODUCT_BUNDLE_IDENTIFIER = com.mistale.AjarisUploader;
				PRODUCT_NAME = "$(TARGET_NAME)";
				SWIFT_VERSION = 5.0;
				TARGETED_DEVICE_FAMILY = "1,2";
			};
			name = Release;
		};
		077A418E242906AF0027B495 /* Debug */ = {
			isa = XCBuildConfiguration;
			baseConfigurationReference = 12EDEB0BCD3630FE5CD08523 /* Pods-AjarisUploaderTests.debug.xcconfig */;
			buildSettings = {
				ALWAYS_EMBED_SWIFT_STANDARD_LIBRARIES = YES;
				BUNDLE_LOADER = "$(TEST_HOST)";
				CODE_SIGN_STYLE = Automatic;
				INFOPLIST_FILE = AjarisUploaderTests/Info.plist;
				IPHONEOS_DEPLOYMENT_TARGET = 13.2;
				LD_RUNPATH_SEARCH_PATHS = (
					"$(inherited)",
					"@executable_path/Frameworks",
					"@loader_path/Frameworks",
				);
				PRODUCT_BUNDLE_IDENTIFIER = com.mistale.AjarisUploaderTests;
				PRODUCT_NAME = "$(TARGET_NAME)";
				SWIFT_VERSION = 5.0;
				TARGETED_DEVICE_FAMILY = "1,2";
				TEST_HOST = "$(BUILT_PRODUCTS_DIR)/AjarisUploader.app/AjarisUploader";
			};
			name = Debug;
		};
		077A418F242906AF0027B495 /* Release */ = {
			isa = XCBuildConfiguration;
			baseConfigurationReference = C4A2D7033BD57B71EDE47896 /* Pods-AjarisUploaderTests.release.xcconfig */;
			buildSettings = {
				ALWAYS_EMBED_SWIFT_STANDARD_LIBRARIES = YES;
				BUNDLE_LOADER = "$(TEST_HOST)";
				CODE_SIGN_STYLE = Automatic;
				INFOPLIST_FILE = AjarisUploaderTests/Info.plist;
				IPHONEOS_DEPLOYMENT_TARGET = 13.2;
				LD_RUNPATH_SEARCH_PATHS = (
					"$(inherited)",
					"@executable_path/Frameworks",
					"@loader_path/Frameworks",
				);
				PRODUCT_BUNDLE_IDENTIFIER = com.mistale.AjarisUploaderTests;
				PRODUCT_NAME = "$(TARGET_NAME)";
				SWIFT_VERSION = 5.0;
				TARGETED_DEVICE_FAMILY = "1,2";
				TEST_HOST = "$(BUILT_PRODUCTS_DIR)/AjarisUploader.app/AjarisUploader";
			};
			name = Release;
		};
		077A4191242906AF0027B495 /* Debug */ = {
			isa = XCBuildConfiguration;
			baseConfigurationReference = 8C41B5CEBC5D66692426E775 /* Pods-AjarisUploader-AjarisUploaderUITests.debug.xcconfig */;
			buildSettings = {
				ALWAYS_EMBED_SWIFT_STANDARD_LIBRARIES = YES;
				CODE_SIGN_STYLE = Automatic;
				INFOPLIST_FILE = AjarisUploaderUITests/Info.plist;
				LD_RUNPATH_SEARCH_PATHS = (
					"$(inherited)",
					"@executable_path/Frameworks",
					"@loader_path/Frameworks",
				);
				PRODUCT_BUNDLE_IDENTIFIER = com.mistale.AjarisUploaderUITests;
				PRODUCT_NAME = "$(TARGET_NAME)";
				SWIFT_VERSION = 5.0;
				TARGETED_DEVICE_FAMILY = "1,2";
				TEST_TARGET_NAME = AjarisUploader;
			};
			name = Debug;
		};
		077A4192242906AF0027B495 /* Release */ = {
			isa = XCBuildConfiguration;
			baseConfigurationReference = CA659D084973B5ABC0569365 /* Pods-AjarisUploader-AjarisUploaderUITests.release.xcconfig */;
			buildSettings = {
				ALWAYS_EMBED_SWIFT_STANDARD_LIBRARIES = YES;
				CODE_SIGN_STYLE = Automatic;
				INFOPLIST_FILE = AjarisUploaderUITests/Info.plist;
				LD_RUNPATH_SEARCH_PATHS = (
					"$(inherited)",
					"@executable_path/Frameworks",
					"@loader_path/Frameworks",
				);
				PRODUCT_BUNDLE_IDENTIFIER = com.mistale.AjarisUploaderUITests;
				PRODUCT_NAME = "$(TARGET_NAME)";
				SWIFT_VERSION = 5.0;
				TARGETED_DEVICE_FAMILY = "1,2";
				TEST_TARGET_NAME = AjarisUploader;
			};
			name = Release;
		};
		5F323F4D242F74FE00353988 /* Debug */ = {
			isa = XCBuildConfiguration;
			baseConfigurationReference = C70B93B96E9388090E487D5A /* Pods-AjarisUploaderShare.debug.xcconfig */;
			buildSettings = {
				BUILD_LIBRARY_FOR_DISTRIBUTION = YES;
				CODE_SIGN_ENTITLEMENTS = AjarisUploaderShare/AjarisUploaderShare.entitlements;
				CODE_SIGN_STYLE = Automatic;
				INFOPLIST_FILE = AjarisUploaderShare/Info.plist;
				LD_RUNPATH_SEARCH_PATHS = (
					"$(inherited)",
					"@executable_path/Frameworks",
					"@executable_path/../../Frameworks",
				);
				PRODUCT_BUNDLE_IDENTIFIER = com.mistale.AjarisUploader.AjarisUploaderShare;
				PRODUCT_NAME = "$(TARGET_NAME)";
				SKIP_INSTALL = YES;
				SWIFT_VERSION = 5.0;
				TARGETED_DEVICE_FAMILY = "1,2";
			};
			name = Debug;
		};
		5F323F4E242F74FE00353988 /* Release */ = {
			isa = XCBuildConfiguration;
			baseConfigurationReference = D9C42D906824E018B9BADD2C /* Pods-AjarisUploaderShare.release.xcconfig */;
			buildSettings = {
				BUILD_LIBRARY_FOR_DISTRIBUTION = YES;
				CODE_SIGN_ENTITLEMENTS = AjarisUploaderShare/AjarisUploaderShare.entitlements;
				CODE_SIGN_STYLE = Automatic;
				INFOPLIST_FILE = AjarisUploaderShare/Info.plist;
				LD_RUNPATH_SEARCH_PATHS = (
					"$(inherited)",
					"@executable_path/Frameworks",
					"@executable_path/../../Frameworks",
				);
				PRODUCT_BUNDLE_IDENTIFIER = com.mistale.AjarisUploader.AjarisUploaderShare;
				PRODUCT_NAME = "$(TARGET_NAME)";
				SKIP_INSTALL = YES;
				SWIFT_VERSION = 5.0;
				TARGETED_DEVICE_FAMILY = "1,2";
			};
			name = Release;
		};
/* End XCBuildConfiguration section */

/* Begin XCConfigurationList section */
		077A415B242906AD0027B495 /* Build configuration list for PBXProject "AjarisUploader" */ = {
			isa = XCConfigurationList;
			buildConfigurations = (
				077A4188242906AF0027B495 /* Debug */,
				077A4189242906AF0027B495 /* Release */,
			);
			defaultConfigurationIsVisible = 0;
			defaultConfigurationName = Release;
		};
		077A418A242906AF0027B495 /* Build configuration list for PBXNativeTarget "AjarisUploader" */ = {
			isa = XCConfigurationList;
			buildConfigurations = (
				077A418B242906AF0027B495 /* Debug */,
				077A418C242906AF0027B495 /* Release */,
			);
			defaultConfigurationIsVisible = 0;
			defaultConfigurationName = Release;
		};
		077A418D242906AF0027B495 /* Build configuration list for PBXNativeTarget "AjarisUploaderTests" */ = {
			isa = XCConfigurationList;
			buildConfigurations = (
				077A418E242906AF0027B495 /* Debug */,
				077A418F242906AF0027B495 /* Release */,
			);
			defaultConfigurationIsVisible = 0;
			defaultConfigurationName = Release;
		};
		077A4190242906AF0027B495 /* Build configuration list for PBXNativeTarget "AjarisUploaderUITests" */ = {
			isa = XCConfigurationList;
			buildConfigurations = (
				077A4191242906AF0027B495 /* Debug */,
				077A4192242906AF0027B495 /* Release */,
			);
			defaultConfigurationIsVisible = 0;
			defaultConfigurationName = Release;
		};
		5F323F4F242F74FE00353988 /* Build configuration list for PBXNativeTarget "AjarisUploaderShare" */ = {
			isa = XCConfigurationList;
			buildConfigurations = (
				5F323F4D242F74FE00353988 /* Debug */,
				5F323F4E242F74FE00353988 /* Release */,
			);
			defaultConfigurationIsVisible = 0;
			defaultConfigurationName = Release;
		};
/* End XCConfigurationList section */
	};
	rootObject = 077A4158242906AD0027B495 /* Project object */;
}
